
Microsoft Visual Studio Solution File, Format Version 12.00
# Visual Studio 14
VisualStudioVersion = 14.0.25123.0
MinimumVisualStudioVersion = 10.0.40219.1
Project("{FAE04EC0-301F-11D3-BF4B-00C04F79EFBC}") = "SUNPN.BONUS.API", "SUNPN.BONUS.API\SUNPN.BONUS.API.csproj", "{EF10D06C-46C2-4E87-9F3C-500551018D32}"
EndProject
Project("{FAE04EC0-301F-11D3-BF4B-00C04F79EFBC}") = "SUNPN.BONUS.DAL", "SUNPN.BONUS.DAL\SUNPN.BONUS.DAL.csproj", "{AA815ECE-F1FC-441F-8344-71ACA61F4209}"
EndProject
Project("{FAE04EC0-301F-11D3-BF4B-00C04F79EFBC}") = "SUNPN.BONUS.BLL", "SUNPN.BONUS.BLL\SUNPN.BONUS.BLL.csproj", "{88DD3E5F-10DF-4C53-A31F-0FC235521732}"
EndProject
Project("{FAE04EC0-301F-11D3-BF4B-00C04F79EFBC}") = "SUNPN.BONUS.IDAL", "SUNPN.BONUS.IDAL\SUNPN.BONUS.IDAL.csproj", "{4BBF79B0-9E71-41C1-8D2F-5515FD6C70D9}"
EndProject
Project("{FAE04EC0-301F-11D3-BF4B-00C04F79EFBC}") = "SUNPN.BONUS.DALFactory", "SUNPN.BONUS.DALFactory\SUNPN.BONUS.DALFactory.csproj", "{35272FF7-F1CA-4180-93C2-0FDE1A2E82D4}"
EndProject
Project("{FAE04EC0-301F-11D3-BF4B-00C04F79EFBC}") = "SUNPN.BONUS.Model", "SUNPN.BONUS.Model\SUNPN.BONUS.Model.csproj", "{A3FCFE39-CE26-44EF-8FF0-C021B6F08C17}"
EndProject
Project("{FAE04EC0-301F-11D3-BF4B-00C04F79EFBC}") = "SUNPN.BONUS.Common", "SUNPN.BONUS.Common\SUNPN.BONUS.Common.csproj", "{A7C7609F-B9A1-4AE3-9BDF-60AB205C3DEE}"
EndProject
Project("{FAE04EC0-301F-11D3-BF4B-00C04F79EFBC}") = "SUNPN.BONUS.DBUtility", "SUNPN.BONUS.DBUtility\SUNPN.BONUS.DBUtility.csproj", "{CDA1F004-37E3-4062-A433-C12AE5D0992E}"
EndProject
Global
	GlobalSection(SolutionConfigurationPlatforms) = preSolution
		Debug|Any CPU = Debug|Any CPU
		Release|Any CPU = Release|Any CPU
	EndGlobalSection
	GlobalSection(ProjectConfigurationPlatforms) = postSolution
		{EF10D06C-46C2-4E87-9F3C-500551018D32}.Debug|Any CPU.ActiveCfg = Debug|Any CPU
		{EF10D06C-46C2-4E87-9F3C-500551018D32}.Debug|Any CPU.Build.0 = Debug|Any CPU
		{EF10D06C-46C2-4E87-9F3C-500551018D32}.Release|Any CPU.ActiveCfg = Release|Any CPU
		{EF10D06C-46C2-4E87-9F3C-500551018D32}.Release|Any CPU.Build.0 = Release|Any CPU
		{AA815ECE-F1FC-441F-8344-71ACA61F4209}.Debug|Any CPU.ActiveCfg = Debug|Any CPU
		{AA815ECE-F1FC-441F-8344-71ACA61F4209}.Debug|Any CPU.Build.0 = Debug|Any CPU
		{AA815ECE-F1FC-441F-8344-71ACA61F4209}.Release|Any CPU.ActiveCfg = Release|Any CPU
		{AA815ECE-F1FC-441F-8344-71ACA61F4209}.Release|Any CPU.Build.0 = Release|Any CPU
		{88DD3E5F-10DF-4C53-A31F-0FC235521732}.Debug|Any CPU.ActiveCfg = Debug|Any CPU
		{88DD3E5F-10DF-4C53-A31F-0FC235521732}.Debug|Any CPU.Build.0 = Debug|Any CPU
		{88DD3E5F-10DF-4C53-A31F-0FC235521732}.Release|Any CPU.ActiveCfg = Release|Any CPU
		{88DD3E5F-10DF-4C53-A31F-0FC235521732}.Release|Any CPU.Build.0 = Release|Any CPU
		{4BBF79B0-9E71-41C1-8D2F-5515FD6C70D9}.Debug|Any CPU.ActiveCfg = Debug|Any CPU
		{4BBF79B0-9E71-41C1-8D2F-5515FD6C70D9}.Debug|Any CPU.Build.0 = Debug|Any CPU
		{4BBF79B0-9E71-41C1-8D2F-5515FD6C70D9}.Release|Any CPU.ActiveCfg = Release|Any CPU
		{4BBF79B0-9E71-41C1-8D2F-5515FD6C70D9}.Release|Any CPU.Build.0 = Release|Any CPU
		{35272FF7-F1CA-4180-93C2-0FDE1A2E82D4}.Debug|Any CPU.ActiveCfg = Debug|Any CPU
		{35272FF7-F1CA-4180-93C2-0FDE1A2E82D4}.Debug|Any CPU.Build.0 = Debug|Any CPU
		{35272FF7-F1CA-4180-93C2-0FDE1A2E82D4}.Release|Any CPU.ActiveCfg = Release|Any CPU
		{35272FF7-F1CA-4180-93C2-0FDE1A2E82D4}.Release|Any CPU.Build.0 = Release|Any CPU
		{A3FCFE39-CE26-44EF-8FF0-C021B6F08C17}.Debug|Any CPU.ActiveCfg = Debug|Any CPU
		{A3FCFE39-CE26-44EF-8FF0-C021B6F08C17}.Debug|Any CPU.Build.0 = Debug|Any CPU
		{A3FCFE39-CE26-44EF-8FF0-C021B6F08C17}.Release|Any CPU.ActiveCfg = Release|Any CPU
		{A3FCFE39-CE26-44EF-8FF0-C021B6F08C17}.Release|Any CPU.Build.0 = Release|Any CPU
		{A7C7609F-B9A1-4AE3-9BDF-60AB205C3DEE}.Debug|Any CPU.ActiveCfg = Debug|Any CPU
		{A7C7609F-B9A1-4AE3-9BDF-60AB205C3DEE}.Debug|Any CPU.Build.0 = Debug|Any CPU
		{A7C7609F-B9A1-4AE3-9BDF-60AB205C3DEE}.Release|Any CPU.ActiveCfg = Release|Any CPU
		{A7C7609F-B9A1-4AE3-9BDF-60AB205C3DEE}.Release|Any CPU.Build.0 = Release|Any CPU
		{CDA1F004-37E3-4062-A433-C12AE5D0992E}.Debug|Any CPU.ActiveCfg = Debug|Any CPU
		{CDA1F004-37E3-4062-A433-C12AE5D0992E}.Debug|Any CPU.Build.0 = Debug|Any CPU
		{CDA1F004-37E3-4062-A433-C12AE5D0992E}.Release|Any CPU.ActiveCfg = Release|Any CPU
		{CDA1F004-37E3-4062-A433-C12AE5D0992E}.Release|Any CPU.Build.0 = Release|Any CPU
	EndGlobalSection
	GlobalSection(SolutionProperties) = preSolution
		HideSolutionNode = FALSE
	EndGlobalSection
EndGlobal
